
Microsoft Visual Studio Solution File, Format Version 12.00
# Visual Studio Version 17
VisualStudioVersion = 17.10.35013.160
MinimumVisualStudioVersion = 10.0.40219.1
Project("{FAE04EC0-301F-11D3-BF4B-00C04F79EFBC}") = "ConsoleApp", "ConsoleApp\ConsoleApp.csproj", "{5C57ED1E-D61C-4BF3-8173-E2358A088375}"
EndProject
Global
	GlobalSection(SolutionConfigurationPlatforms) = preSolution
		Debug|Any CPU = Debug|Any CPU
		Release|Any CPU = Release|Any CPU
	EndGlobalSection
	GlobalSection(ProjectConfigurationPlatforms) = postSolution
		{5C57ED1E-D61C-4BF3-8173-E2358A088375}.Debug|Any CPU.ActiveCfg = Debug|Any CPU
		{5C57ED1E-D61C-4BF3-8173-E2358A088375}.Debug|Any CPU.Build.0 = Debug|Any CPU
		{5C57ED1E-D61C-4BF3-8173-E2358A088375}.Release|Any CPU.ActiveCfg = Release|Any CPU
		{5C57ED1E-D61C-4BF3-8173-E2358A088375}.Release|Any CPU.Build.0 = Release|Any CPU
	EndGlobalSection
	GlobalSection(SolutionProperties) = preSolution
		HideSolutionNode = FALSE
	EndGlobalSection
	GlobalSection(ExtensibilityGlobals) = postSolution
		SolutionGuid = {344D3F77-299B-414F-9B58-ED99EFD3E029}
	EndGlobalSection
EndGlobal
