
Microsoft Visual Studio Solution File, Format Version 12.00
# Visual Studio Version 17
VisualStudioVersion = 17.10.35013.160
MinimumVisualStudioVersion = 10.0.40219.1
Project("{9A19103F-16F7-4668-BE54-9A1E7A4F7556}") = "FrameworkExamples", "FrameworkExamples\FrameworkExamples.csproj", "{254A923E-183C-4E2A-A72D-413CCEB4AE95}"
EndProject
Project("{9A19103F-16F7-4668-BE54-9A1E7A4F7556}") = "sampleDllLib", "..\..\MyTrainings\sampleDllLib\sampleDllLib.csproj", "{379502E2-AC33-4EB7-8B75-13C366883807}"
EndProject
Project("{FAE04EC0-301F-11D3-BF4B-00C04F79EFBC}") = "MathComponentLib", "MathComponentLib\MathComponentLib.csproj", "{8E6F4EAF-8941-4833-9CBD-C35A0E1A15BB}"
EndProject
Global
	GlobalSection(SolutionConfigurationPlatforms) = preSolution
		Debug|Any CPU = Debug|Any CPU
		Release|Any CPU = Release|Any CPU
	EndGlobalSection
	GlobalSection(ProjectConfigurationPlatforms) = postSolution
		{254A923E-183C-4E2A-A72D-413CCEB4AE95}.Debug|Any CPU.ActiveCfg = Debug|Any CPU
		{254A923E-183C-4E2A-A72D-413CCEB4AE95}.Debug|Any CPU.Build.0 = Debug|Any CPU
		{254A923E-183C-4E2A-A72D-413CCEB4AE95}.Release|Any CPU.ActiveCfg = Release|Any CPU
		{254A923E-183C-4E2A-A72D-413CCEB4AE95}.Release|Any CPU.Build.0 = Release|Any CPU
		{379502E2-AC33-4EB7-8B75-13C366883807}.Debug|Any CPU.ActiveCfg = Debug|Any CPU
		{379502E2-AC33-4EB7-8B75-13C366883807}.Debug|Any CPU.Build.0 = Debug|Any CPU
		{379502E2-AC33-4EB7-8B75-13C366883807}.Release|Any CPU.ActiveCfg = Release|Any CPU
		{379502E2-AC33-4EB7-8B75-13C366883807}.Release|Any CPU.Build.0 = Release|Any CPU
		{8E6F4EAF-8941-4833-9CBD-C35A0E1A15BB}.Debug|Any CPU.ActiveCfg = Debug|Any CPU
		{8E6F4EAF-8941-4833-9CBD-C35A0E1A15BB}.Debug|Any CPU.Build.0 = Debug|Any CPU
		{8E6F4EAF-8941-4833-9CBD-C35A0E1A15BB}.Release|Any CPU.ActiveCfg = Release|Any CPU
		{8E6F4EAF-8941-4833-9CBD-C35A0E1A15BB}.Release|Any CPU.Build.0 = Release|Any CPU
	EndGlobalSection
	GlobalSection(SolutionProperties) = preSolution
		HideSolutionNode = FALSE
	EndGlobalSection
	GlobalSection(ExtensibilityGlobals) = postSolution
		SolutionGuid = {6FEC3CD4-BB4B-4C26-9398-4DDCE363CE17}
	EndGlobalSection
EndGlobal
